
Microsoft Visual Studio Solution File, Format Version 12.00
# Visual Studio Version 17
VisualStudioVersion = 17.8.34525.116
MinimumVisualStudioVersion = 10.0.40219.1
Project("{9A19103F-16F7-4668-BE54-9A1E7A4F7556}") = "Entities", "Entities\Entities.csproj", "{05348084-5509-43D1-9095-D2311225BE48}"
EndProject
Project("{9A19103F-16F7-4668-BE54-9A1E7A4F7556}") = "Business", "Business\Business.csproj", "{D7380AF1-43CD-436B-B44C-0DC1F68CF433}"
EndProject
Project("{9A19103F-16F7-4668-BE54-9A1E7A4F7556}") = "DataAccess", "DataAccess\DataAccess.csproj", "{6785457E-91E4-48F7-B6AC-838B7E75A795}"
EndProject
Project("{9A19103F-16F7-4668-BE54-9A1E7A4F7556}") = "UI", "UI\UI.csproj", "{B5F7C76E-D49D-4F4B-9A33-255B8E381A5C}"
EndProject
Project("{FAE04EC0-301F-11D3-BF4B-00C04F79EFBC}") = "Core", "Core\Core.csproj", "{E2E58333-E0E1-46C1-B4C7-0C6B91054676}"
EndProject
Global
	GlobalSection(SolutionConfigurationPlatforms) = preSolution
		Debug|Any CPU = Debug|Any CPU
		Release|Any CPU = Release|Any CPU
	EndGlobalSection
	GlobalSection(ProjectConfigurationPlatforms) = postSolution
		{05348084-5509-43D1-9095-D2311225BE48}.Debug|Any CPU.ActiveCfg = Debug|Any CPU
		{05348084-5509-43D1-9095-D2311225BE48}.Debug|Any CPU.Build.0 = Debug|Any CPU
		{05348084-5509-43D1-9095-D2311225BE48}.Release|Any CPU.ActiveCfg = Release|Any CPU
		{05348084-5509-43D1-9095-D2311225BE48}.Release|Any CPU.Build.0 = Release|Any CPU
		{D7380AF1-43CD-436B-B44C-0DC1F68CF433}.Debug|Any CPU.ActiveCfg = Debug|Any CPU
		{D7380AF1-43CD-436B-B44C-0DC1F68CF433}.Debug|Any CPU.Build.0 = Debug|Any CPU
		{D7380AF1-43CD-436B-B44C-0DC1F68CF433}.Release|Any CPU.ActiveCfg = Release|Any CPU
		{D7380AF1-43CD-436B-B44C-0DC1F68CF433}.Release|Any CPU.Build.0 = Release|Any CPU
		{6785457E-91E4-48F7-B6AC-838B7E75A795}.Debug|Any CPU.ActiveCfg = Debug|Any CPU
		{6785457E-91E4-48F7-B6AC-838B7E75A795}.Debug|Any CPU.Build.0 = Debug|Any CPU
		{6785457E-91E4-48F7-B6AC-838B7E75A795}.Release|Any CPU.ActiveCfg = Release|Any CPU
		{6785457E-91E4-48F7-B6AC-838B7E75A795}.Release|Any CPU.Build.0 = Release|Any CPU
		{B5F7C76E-D49D-4F4B-9A33-255B8E381A5C}.Debug|Any CPU.ActiveCfg = Debug|Any CPU
		{B5F7C76E-D49D-4F4B-9A33-255B8E381A5C}.Debug|Any CPU.Build.0 = Debug|Any CPU
		{B5F7C76E-D49D-4F4B-9A33-255B8E381A5C}.Release|Any CPU.ActiveCfg = Release|Any CPU
		{B5F7C76E-D49D-4F4B-9A33-255B8E381A5C}.Release|Any CPU.Build.0 = Release|Any CPU
		{E2E58333-E0E1-46C1-B4C7-0C6B91054676}.Debug|Any CPU.ActiveCfg = Debug|Any CPU
		{E2E58333-E0E1-46C1-B4C7-0C6B91054676}.Debug|Any CPU.Build.0 = Debug|Any CPU
		{E2E58333-E0E1-46C1-B4C7-0C6B91054676}.Release|Any CPU.ActiveCfg = Release|Any CPU
		{E2E58333-E0E1-46C1-B4C7-0C6B91054676}.Release|Any CPU.Build.0 = Release|Any CPU
	EndGlobalSection
	GlobalSection(SolutionProperties) = preSolution
		HideSolutionNode = FALSE
	EndGlobalSection
	GlobalSection(ExtensibilityGlobals) = postSolution
		SolutionGuid = {B3EBCEC0-59B4-42D3-AC29-EEE6B169C7F8}
	EndGlobalSection
EndGlobal
